{
  "pins" : [
    {
      "identity" : "stride_swift",
      "kind" : "remoteSourceControl",
      "location" : "https://github.com/chdominguez/stride_swift.git",
      "state" : {
        "branch" : "master",
        "revision" : "95d318cb0c98ed6e296cee686ebd103c63e177d4"
      }
    }
  ],
  "version" : 2
}
